
Microsoft Visual Studio Solution File, Format Version 12.00
# Visual Studio Version 16
VisualStudioVersion = 16.0.30114.105
MinimumVisualStudioVersion = 10.0.40219.1
Project("{9A19103F-16F7-4668-BE54-9A1E7A4F7556}") = "AptMgmtPortal", "AptMgmtPortal.csproj", "{BCE27F45-C4A1-45AA-BE7E-E42D87A45977}"
EndProject
Global
	GlobalSection(SolutionConfigurationPlatforms) = preSolution
		Debug|Any CPU = Debug|Any CPU
		Release|Any CPU = Release|Any CPU
	EndGlobalSection
	GlobalSection(ProjectConfigurationPlatforms) = postSolution
		{BCE27F45-C4A1-45AA-BE7E-E42D87A45977}.Debug|Any CPU.ActiveCfg = Debug|Any CPU
		{BCE27F45-C4A1-45AA-BE7E-E42D87A45977}.Debug|Any CPU.Build.0 = Debug|Any CPU
		{BCE27F45-C4A1-45AA-BE7E-E42D87A45977}.Release|Any CPU.ActiveCfg = Release|Any CPU
		{BCE27F45-C4A1-45AA-BE7E-E42D87A45977}.Release|Any CPU.Build.0 = Release|Any CPU
	EndGlobalSection
	GlobalSection(SolutionProperties) = preSolution
		HideSolutionNode = FALSE
	EndGlobalSection
	GlobalSection(ExtensibilityGlobals) = postSolution
		SolutionGuid = {12BD72DD-2BCB-4EDC-B366-DBCD9EC6AF61}
	EndGlobalSection
EndGlobal
